// !$*UTF8*$!
{
	archiveVersion = 1;
	classes = {
	};
	objectVersion = 50;
	objects = {

/* Begin PBXBuildFile section */
		6AD67A5D2AA4F4E145E09890 /* Pods_test2.framework in Frameworks */ = {isa = PBXBuildFile; fileRef = 26C1223B02695D282671F8DC /* Pods_test2.framework */; };
		80A28CC869640C148E845E35 /* Pods_test2Tests.framework in Frameworks */ = {isa = PBXBuildFile; fileRef = CEE5F0C5A48B75CC287511D4 /* Pods_test2Tests.framework */; };
		85A117ADADB201883A3A0468 /* Pods_test2UITests.framework in Frameworks */ = {isa = PBXBuildFile; fileRef = A120B7E07C7C010343A3A85D /* Pods_test2UITests.framework */; };
		ABC3E0432194EB1600F39891 /* AppDelegate.swift in Sources */ = {isa = PBXBuildFile; fileRef = ABC3E0422194EB1600F39891 /* AppDelegate.swift */; };
		ABC3E0452194EB1600F39891 /* ViewController.swift in Sources */ = {isa = PBXBuildFile; fileRef = ABC3E0442194EB1600F39891 /* ViewController.swift */; };
		ABC3E0482194EB1600F39891 /* Main.storyboard in Resources */ = {isa = PBXBuildFile; fileRef = ABC3E0462194EB1600F39891 /* Main.storyboard */; };
		ABC3E04A2194EB1700F39891 /* Assets.xcassets in Resources */ = {isa = PBXBuildFile; fileRef = ABC3E0492194EB1700F39891 /* Assets.xcassets */; };
		ABC3E04D2194EB1700F39891 /* LaunchScreen.storyboard in Resources */ = {isa = PBXBuildFile; fileRef = ABC3E04B2194EB1700F39891 /* LaunchScreen.storyboard */; };
		ABC3E0582194EB1700F39891 /* test2Tests.swift in Sources */ = {isa = PBXBuildFile; fileRef = ABC3E0572194EB1700F39891 /* test2Tests.swift */; };
		ABC3E0632194EB1700F39891 /* test2UITests.swift in Sources */ = {isa = PBXBuildFile; fileRef = ABC3E0622194EB1700F39891 /* test2UITests.swift */; };
/* End PBXBuildFile section */

/* Begin PBXContainerItemProxy section */
		ABC3E0542194EB1700F39891 /* PBXContainerItemProxy */ = {
			isa = PBXContainerItemProxy;
			containerPortal = ABC3E0372194EB1600F39891 /* Project object */;
			proxyType = 1;
			remoteGlobalIDString = ABC3E03E2194EB1600F39891;
			remoteInfo = test2;
		};
		ABC3E05F2194EB1700F39891 /* PBXContainerItemProxy */ = {
			isa = PBXContainerItemProxy;
			containerPortal = ABC3E0372194EB1600F39891 /* Project object */;
			proxyType = 1;
			remoteGlobalIDString = ABC3E03E2194EB1600F39891;
			remoteInfo = test2;
		};
/* End PBXContainerItemProxy section */

/* Begin PBXFileReference section */
		1E74FE08CC7C57A975E32B21 /* Pods-test2.debug.xcconfig */ = {isa = PBXFileReference; includeInIndex = 1; lastKnownFileType = text.xcconfig; name = "Pods-test2.debug.xcconfig"; path = "Pods/Target Support Files/Pods-test2/Pods-test2.debug.xcconfig"; sourceTree = "<group>"; };
		23610CA65C247CCBCF0E4CC0 /* Pods-test2Tests.debug.xcconfig */ = {isa = PBXFileReference; includeInIndex = 1; lastKnownFileType = text.xcconfig; name = "Pods-test2Tests.debug.xcconfig"; path = "Pods/Target Support Files/Pods-test2Tests/Pods-test2Tests.debug.xcconfig"; sourceTree = "<group>"; };
		26C1223B02695D282671F8DC /* Pods_test2.framework */ = {isa = PBXFileReference; explicitFileType = wrapper.framework; includeInIndex = 0; path = Pods_test2.framework; sourceTree = BUILT_PRODUCTS_DIR; };
		36626913FD1EAF30294D56AE /* Pods-test2UITests.debug.xcconfig */ = {isa = PBXFileReference; includeInIndex = 1; lastKnownFileType = text.xcconfig; name = "Pods-test2UITests.debug.xcconfig"; path = "Pods/Target Support Files/Pods-test2UITests/Pods-test2UITests.debug.xcconfig"; sourceTree = "<group>"; };
		A0732A93A5A3C3AB44D5823F /* Pods-test2.release.xcconfig */ = {isa = PBXFileReference; includeInIndex = 1; lastKnownFileType = text.xcconfig; name = "Pods-test2.release.xcconfig"; path = "Pods/Target Support Files/Pods-test2/Pods-test2.release.xcconfig"; sourceTree = "<group>"; };
		A120B7E07C7C010343A3A85D /* Pods_test2UITests.framework */ = {isa = PBXFileReference; explicitFileType = wrapper.framework; includeInIndex = 0; path = Pods_test2UITests.framework; sourceTree = BUILT_PRODUCTS_DIR; };
		ABC3E03F2194EB1600F39891 /* test2.app */ = {isa = PBXFileReference; explicitFileType = wrapper.application; includeInIndex = 0; path = test2.app; sourceTree = BUILT_PRODUCTS_DIR; };
		ABC3E0422194EB1600F39891 /* AppDelegate.swift */ = {isa = PBXFileReference; lastKnownFileType = sourcecode.swift; path = AppDelegate.swift; sourceTree = "<group>"; };
		ABC3E0442194EB1600F39891 /* ViewController.swift */ = {isa = PBXFileReference; lastKnownFileType = sourcecode.swift; path = ViewController.swift; sourceTree = "<group>"; };
		ABC3E0472194EB1600F39891 /* Base */ = {isa = PBXFileReference; lastKnownFileType = file.storyboard; name = Base; path = Base.lproj/Main.storyboard; sourceTree = "<group>"; };
		ABC3E0492194EB1700F39891 /* Assets.xcassets */ = {isa = PBXFileReference; lastKnownFileType = folder.assetcatalog; path = Assets.xcassets; sourceTree = "<group>"; };
		ABC3E04C2194EB1700F39891 /* Base */ = {isa = PBXFileReference; lastKnownFileType = file.storyboard; name = Base; path = Base.lproj/LaunchScreen.storyboard; sourceTree = "<group>"; };
		ABC3E04E2194EB1700F39891 /* Info.plist */ = {isa = PBXFileReference; lastKnownFileType = text.plist.xml; path = Info.plist; sourceTree = "<group>"; };
		ABC3E0532194EB1700F39891 /* test2Tests.xctest */ = {isa = PBXFileReference; explicitFileType = wrapper.cfbundle; includeInIndex = 0; path = test2Tests.xctest; sourceTree = BUILT_PRODUCTS_DIR; };
		ABC3E0572194EB1700F39891 /* test2Tests.swift */ = {isa = PBXFileReference; lastKnownFileType = sourcecode.swift; path = test2Tests.swift; sourceTree = "<group>"; };
		ABC3E0592194EB1700F39891 /* Info.plist */ = {isa = PBXFileReference; lastKnownFileType = text.plist.xml; path = Info.plist; sourceTree = "<group>"; };
		ABC3E05E2194EB1700F39891 /* test2UITests.xctest */ = {isa = PBXFileReference; explicitFileType = wrapper.cfbundle; includeInIndex = 0; path = test2UITests.xctest; sourceTree = BUILT_PRODUCTS_DIR; };
		ABC3E0622194EB1700F39891 /* test2UITests.swift */ = {isa = PBXFileReference; lastKnownFileType = sourcecode.swift; path = test2UITests.swift; sourceTree = "<group>"; };
		ABC3E0642194EB1700F39891 /* Info.plist */ = {isa = PBXFileReference; lastKnownFileType = text.plist.xml; path = Info.plist; sourceTree = "<group>"; };
		B47C9507AD37C71133D0CE64 /* Pods-test2UITests.release.xcconfig */ = {isa = PBXFileReference; includeInIndex = 1; lastKnownFileType = text.xcconfig; name = "Pods-test2UITests.release.xcconfig"; path = "Pods/Target Support Files/Pods-test2UITests/Pods-test2UITests.release.xcconfig"; sourceTree = "<group>"; };
		CEE5F0C5A48B75CC287511D4 /* Pods_test2Tests.framework */ = {isa = PBXFileReference; explicitFileType = wrapper.framework; includeInIndex = 0; path = Pods_test2Tests.framework; sourceTree = BUILT_PRODUCTS_DIR; };
		ED93759BF9080C79CBA426B3 /* Pods-test2Tests.release.xcconfig */ = {isa = PBXFileReference; includeInIndex = 1; lastKnownFileType = text.xcconfig; name = "Pods-test2Tests.release.xcconfig"; path = "Pods/Target Support Files/Pods-test2Tests/Pods-test2Tests.release.xcconfig"; sourceTree = "<group>"; };
/* End PBXFileReference section */

/* Begin PBXFrameworksBuildPhase section */
		ABC3E03C2194EB1600F39891 /* Frameworks */ = {
			isa = PBXFrameworksBuildPhase;
			buildActionMask = 2147483647;
			files = (
				6AD67A5D2AA4F4E145E09890 /* Pods_test2.framework in Frameworks */,
			);
			runOnlyForDeploymentPostprocessing = 0;
		};
		ABC3E0502194EB1700F39891 /* Frameworks */ = {
			isa = PBXFrameworksBuildPhase;
			buildActionMask = 2147483647;
			files = (
				80A28CC869640C148E845E35 /* Pods_test2Tests.framework in Frameworks */,
			);
			runOnlyForDeploymentPostprocessing = 0;
		};
		ABC3E05B2194EB1700F39891 /* Frameworks */ = {
			isa = PBXFrameworksBuildPhase;
			buildActionMask = 2147483647;
			files = (
				85A117ADADB201883A3A0468 /* Pods_test2UITests.framework in Frameworks */,
			);
			runOnlyForDeploymentPostprocessing = 0;
		};
/* End PBXFrameworksBuildPhase section */

/* Begin PBXGroup section */
		1B51E936CBC55A9E6F940FF1 /* Frameworks */ = {
			isa = PBXGroup;
			children = (
				26C1223B02695D282671F8DC /* Pods_test2.framework */,
				CEE5F0C5A48B75CC287511D4 /* Pods_test2Tests.framework */,
				A120B7E07C7C010343A3A85D /* Pods_test2UITests.framework */,
			);
			name = Frameworks;
			sourceTree = "<group>";
		};
		ABC3E0362194EB1600F39891 = {
			isa = PBXGroup;
			children = (
				ABC3E0412194EB1600F39891 /* test2 */,
				ABC3E0562194EB1700F39891 /* test2Tests */,
				ABC3E0612194EB1700F39891 /* test2UITests */,
				ABC3E0402194EB1600F39891 /* Products */,
				F1B1326709027D52EC2F36F4 /* Pods */,
				1B51E936CBC55A9E6F940FF1 /* Frameworks */,
			);
			sourceTree = "<group>";
		};
		ABC3E0402194EB1600F39891 /* Products */ = {
			isa = PBXGroup;
			children = (
				ABC3E03F2194EB1600F39891 /* test2.app */,
				ABC3E0532194EB1700F39891 /* test2Tests.xctest */,
				ABC3E05E2194EB1700F39891 /* test2UITests.xctest */,
			);
			name = Products;
			sourceTree = "<group>";
		};
		ABC3E0412194EB1600F39891 /* test2 */ = {
			isa = PBXGroup;
			children = (
				ABC3E0422194EB1600F39891 /* AppDelegate.swift */,
				ABC3E0442194EB1600F39891 /* ViewController.swift */,
				ABC3E0462194EB1600F39891 /* Main.storyboard */,
				ABC3E0492194EB1700F39891 /* Assets.xcassets */,
				ABC3E04B2194EB1700F39891 /* LaunchScreen.storyboard */,
				ABC3E04E2194EB1700F39891 /* Info.plist */,
			);
			path = test2;
			sourceTree = "<group>";
		};
		ABC3E0562194EB1700F39891 /* test2Tests */ = {
			isa = PBXGroup;
			children = (
				ABC3E0572194EB1700F39891 /* test2Tests.swift */,
				ABC3E0592194EB1700F39891 /* Info.plist */,
			);
			path = test2Tests;
			sourceTree = "<group>";
		};
		ABC3E0612194EB1700F39891 /* test2UITests */ = {
			isa = PBXGroup;
			children = (
				ABC3E0622194EB1700F39891 /* test2UITests.swift */,
				ABC3E0642194EB1700F39891 /* Info.plist */,
			);
			path = test2UITests;
			sourceTree = "<group>";
		};
		F1B1326709027D52EC2F36F4 /* Pods */ = {
			isa = PBXGroup;
			children = (
				1E74FE08CC7C57A975E32B21 /* Pods-test2.debug.xcconfig */,
				A0732A93A5A3C3AB44D5823F /* Pods-test2.release.xcconfig */,
				23610CA65C247CCBCF0E4CC0 /* Pods-test2Tests.debug.xcconfig */,
				ED93759BF9080C79CBA426B3 /* Pods-test2Tests.release.xcconfig */,
				36626913FD1EAF30294D56AE /* Pods-test2UITests.debug.xcconfig */,
				B47C9507AD37C71133D0CE64 /* Pods-test2UITests.release.xcconfig */,
			);
			name = Pods;
			sourceTree = "<group>";
		};
/* End PBXGroup section */

/* Begin PBXNativeTarget section */
		ABC3E03E2194EB1600F39891 /* test2 */ = {
			isa = PBXNativeTarget;
			buildConfigurationList = ABC3E0672194EB1700F39891 /* Build configuration list for PBXNativeTarget "test2" */;
			buildPhases = (
				A93B9DC51AC0BE5B4669E6D1 /* [CP] Check Pods Manifest.lock */,
				ABC3E03B2194EB1600F39891 /* Sources */,
				ABC3E03C2194EB1600F39891 /* Frameworks */,
				ABC3E03D2194EB1600F39891 /* Resources */,
			);
			buildRules = (
			);
			dependencies = (
			);
			name = test2;
			productName = test2;
			productReference = ABC3E03F2194EB1600F39891 /* test2.app */;
			productType = "com.apple.product-type.application";
		};
		ABC3E0522194EB1700F39891 /* test2Tests */ = {
			isa = PBXNativeTarget;
			buildConfigurationList = ABC3E06A2194EB1700F39891 /* Build configuration list for PBXNativeTarget "test2Tests" */;
			buildPhases = (
				243607CD817A253622E1C6A4 /* [CP] Check Pods Manifest.lock */,
				ABC3E04F2194EB1700F39891 /* Sources */,
				ABC3E0502194EB1700F39891 /* Frameworks */,
				ABC3E0512194EB1700F39891 /* Resources */,
			);
			buildRules = (
			);
			dependencies = (
				ABC3E0552194EB1700F39891 /* PBXTargetDependency */,
			);
			name = test2Tests;
			productName = test2Tests;
			productReference = ABC3E0532194EB1700F39891 /* test2Tests.xctest */;
			productType = "com.apple.product-type.bundle.unit-test";
		};
		ABC3E05D2194EB1700F39891 /* test2UITests */ = {
			isa = PBXNativeTarget;
			buildConfigurationList = ABC3E06D2194EB1700F39891 /* Build configuration list for PBXNativeTarget "test2UITests" */;
			buildPhases = (
				52A1C269FD391AD443F4F2F3 /* [CP] Check Pods Manifest.lock */,
				ABC3E05A2194EB1700F39891 /* Sources */,
				ABC3E05B2194EB1700F39891 /* Frameworks */,
				ABC3E05C2194EB1700F39891 /* Resources */,
			);
			buildRules = (
			);
			dependencies = (
				ABC3E0602194EB1700F39891 /* PBXTargetDependency */,
			);
			name = test2UITests;
			productName = test2UITests;
			productReference = ABC3E05E2194EB1700F39891 /* test2UITests.xctest */;
			productType = "com.apple.product-type.bundle.ui-testing";
		};
/* End PBXNativeTarget section */

/* Begin PBXProject section */
		ABC3E0372194EB1600F39891 /* Project object */ = {
			isa = PBXProject;
			attributes = {
				LastSwiftUpdateCheck = 0940;
				LastUpgradeCheck = 0940;
				ORGANIZATIONNAME = "Daniel Kim";
				TargetAttributes = {
					ABC3E03E2194EB1600F39891 = {
						CreatedOnToolsVersion = 9.4.1;
					};
					ABC3E0522194EB1700F39891 = {
						CreatedOnToolsVersion = 9.4.1;
						TestTargetID = ABC3E03E2194EB1600F39891;
					};
					ABC3E05D2194EB1700F39891 = {
						CreatedOnToolsVersion = 9.4.1;
						TestTargetID = ABC3E03E2194EB1600F39891;
					};
				};
			};
			buildConfigurationList = ABC3E03A2194EB1600F39891 /* Build configuration list for PBXProject "test2" */;
			compatibilityVersion = "Xcode 9.3";
			developmentRegion = en;
			hasScannedForEncodings = 0;
			knownRegions = (
				en,
				Base,
			);
			mainGroup = ABC3E0362194EB1600F39891;
			productRefGroup = ABC3E0402194EB1600F39891 /* Products */;
			projectDirPath = "";
			projectRoot = "";
			targets = (
				ABC3E03E2194EB1600F39891 /* test2 */,
				ABC3E0522194EB1700F39891 /* test2Tests */,
				ABC3E05D2194EB1700F39891 /* test2UITests */,
			);
		};
/* End PBXProject section */

/* Begin PBXResourcesBuildPhase section */
		ABC3E03D2194EB1600F39891 /* Resources */ = {
			isa = PBXResourcesBuildPhase;
			buildActionMask = 2147483647;
			files = (
				ABC3E04D2194EB1700F39891 /* LaunchScreen.storyboard in Resources */,
				ABC3E04A2194EB1700F39891 /* Assets.xcassets in Resources */,
				ABC3E0482194EB1600F39891 /* Main.storyboard in Resources */,
			);
			runOnlyForDeploymentPostprocessing = 0;
		};
		ABC3E0512194EB1700F39891 /* Resources */ = {
			isa = PBXResourcesBuildPhase;
			buildActionMask = 2147483647;
			files = (
			);
			runOnlyForDeploymentPostprocessing = 0;
		};
		ABC3E05C2194EB1700F39891 /* Resources */ = {
			isa = PBXResourcesBuildPhase;
			buildActionMask = 2147483647;
			files = (
			);
			runOnlyForDeploymentPostprocessing = 0;
		};
/* End PBXResourcesBuildPhase section */

/* Begin PBXShellScriptBuildPhase section */
		243607CD817A253622E1C6A4 /* [CP] Check Pods Manifest.lock */ = {
			isa = PBXShellScriptBuildPhase;
			buildActionMask = 2147483647;
			files = (
			);
			inputFileListPaths = (
			);
			inputPaths = (
				"${PODS_PODFILE_DIR_PATH}/Podfile.lock",
				"${PODS_ROOT}/Manifest.lock",
			);
			name = "[CP] Check Pods Manifest.lock";
			outputFileListPaths = (
			);
			outputPaths = (
				"$(DERIVED_FILE_DIR)/Pods-test2Tests-checkManifestLockResult.txt",
			);
			runOnlyForDeploymentPostprocessing = 0;
			shellPath = /bin/sh;
			shellScript = "diff \"${PODS_PODFILE_DIR_PATH}/Podfile.lock\" \"${PODS_ROOT}/Manifest.lock\" > /dev/null\nif [ $? != 0 ] ; then\n    # print error to STDERR\n    echo \"error: The sandbox is not in sync with the Podfile.lock. Run 'pod install' or update your CocoaPods installation.\" >&2\n    exit 1\nfi\n# This output is used by Xcode 'outputs' to avoid re-running this script phase.\necho \"SUCCESS\" > \"${SCRIPT_OUTPUT_FILE_0}\"\n";
			showEnvVarsInLog = 0;
		};
		52A1C269FD391AD443F4F2F3 /* [CP] Check Pods Manifest.lock */ = {
			isa = PBXShellScriptBuildPhase;
			buildActionMask = 2147483647;
			files = (
			);
			inputFileListPaths = (
			);
			inputPaths = (
				"${PODS_PODFILE_DIR_PATH}/Podfile.lock",
				"${PODS_ROOT}/Manifest.lock",
			);
			name = "[CP] Check Pods Manifest.lock";
			outputFileListPaths = (
			);
			outputPaths = (
				"$(DERIVED_FILE_DIR)/Pods-test2UITests-checkManifestLockResult.txt",
			);
			runOnlyForDeploymentPostprocessing = 0;
			shellPath = /bin/sh;
			shellScript = "diff \"${PODS_PODFILE_DIR_PATH}/Podfile.lock\" \"${PODS_ROOT}/Manifest.lock\" > /dev/null\nif [ $? != 0 ] ; then\n    # print error to STDERR\n    echo \"error: The sandbox is not in sync with the Podfile.lock. Run 'pod install' or update your CocoaPods installation.\" >&2\n    exit 1\nfi\n# This output is used by Xcode 'outputs' to avoid re-running this script phase.\necho \"SUCCESS\" > \"${SCRIPT_OUTPUT_FILE_0}\"\n";
			showEnvVarsInLog = 0;
		};
		A93B9DC51AC0BE5B4669E6D1 /* [CP] Check Pods Manifest.lock */ = {
			isa = PBXShellScriptBuildPhase;
			buildActionMask = 2147483647;
			files = (
			);
			inputFileListPaths = (
			);
			inputPaths = (
				"${PODS_PODFILE_DIR_PATH}/Podfile.lock",
				"${PODS_ROOT}/Manifest.lock",
			);
			name = "[CP] Check Pods Manifest.lock";
			outputFileListPaths = (
			);
			outputPaths = (
				"$(DERIVED_FILE_DIR)/Pods-test2-checkManifestLockResult.txt",
			);
			runOnlyForDeploymentPostprocessing = 0;
			shellPath = /bin/sh;
			shellScript = "diff \"${PODS_PODFILE_DIR_PATH}/Podfile.lock\" \"${PODS_ROOT}/Manifest.lock\" > /dev/null\nif [ $? != 0 ] ; then\n    # print error to STDERR\n    echo \"error: The sandbox is not in sync with the Podfile.lock. Run 'pod install' or update your CocoaPods installation.\" >&2\n    exit 1\nfi\n# This output is used by Xcode 'outputs' to avoid re-running this script phase.\necho \"SUCCESS\" > \"${SCRIPT_OUTPUT_FILE_0}\"\n";
			showEnvVarsInLog = 0;
		};
/* End PBXShellScriptBuildPhase section */

/* Begin PBXSourcesBuildPhase section */
		ABC3E03B2194EB1600F39891 /* Sources */ = {
			isa = PBXSourcesBuildPhase;
			buildActionMask = 2147483647;
			files = (
				ABC3E0452194EB1600F39891 /* ViewController.swift in Sources */,
				ABC3E0432194EB1600F39891 /* AppDelegate.swift in Sources */,
			);
			runOnlyForDeploymentPostprocessing = 0;
		};
		ABC3E04F2194EB1700F39891 /* Sources */ = {
			isa = PBXSourcesBuildPhase;
			buildActionMask = 2147483647;
			files = (
				ABC3E0582194EB1700F39891 /* test2Tests.swift in Sources */,
			);
			runOnlyForDeploymentPostprocessing = 0;
		};
		ABC3E05A2194EB1700F39891 /* Sources */ = {
			isa = PBXSourcesBuildPhase;
			buildActionMask = 2147483647;
			files = (
				ABC3E0632194EB1700F39891 /* test2UITests.swift in Sources */,
			);
			runOnlyForDeploymentPostprocessing = 0;
		};
/* End PBXSourcesBuildPhase section */

/* Begin PBXTargetDependency section */
		ABC3E0552194EB1700F39891 /* PBXTargetDependency */ = {
			isa = PBXTargetDependency;
			target = ABC3E03E2194EB1600F39891 /* test2 */;
			targetProxy = ABC3E0542194EB1700F39891 /* PBXContainerItemProxy */;
		};
		ABC3E0602194EB1700F39891 /* PBXTargetDependency */ = {
			isa = PBXTargetDependency;
			target = ABC3E03E2194EB1600F39891 /* test2 */;
			targetProxy = ABC3E05F2194EB1700F39891 /* PBXContainerItemProxy */;
		};
/* End PBXTargetDependency section */

/* Begin PBXVariantGroup section */
		ABC3E0462194EB1600F39891 /* Main.storyboard */ = {
			isa = PBXVariantGroup;
			children = (
				ABC3E0472194EB1600F39891 /* Base */,
			);
			name = Main.storyboard;
			sourceTree = "<group>";
		};
		ABC3E04B2194EB1700F39891 /* LaunchScreen.storyboard */ = {
			isa = PBXVariantGroup;
			children = (
				ABC3E04C2194EB1700F39891 /* Base */,
			);
			name = LaunchScreen.storyboard;
			sourceTree = "<group>";
		};
/* End PBXVariantGroup section */

/* Begin XCBuildConfiguration section */
		ABC3E0652194EB1700F39891 /* Debug */ = {
			isa = XCBuildConfiguration;
			buildSettings = {
				ALWAYS_SEARCH_USER_PATHS = NO;
				CLANG_ANALYZER_NONNULL = YES;
				CLANG_ANALYZER_NUMBER_OBJECT_CONVERSION = YES_AGGRESSIVE;
				CLANG_CXX_LANGUAGE_STANDARD = "gnu++14";
				CLANG_CXX_LIBRARY = "libc++";
				CLANG_ENABLE_MODULES = YES;
				CLANG_ENABLE_OBJC_ARC = YES;
				CLANG_ENABLE_OBJC_WEAK = YES;
				CLANG_WARN_BLOCK_CAPTURE_AUTORELEASING = YES;
				CLANG_WARN_BOOL_CONVERSION = YES;
				CLANG_WARN_COMMA = YES;
				CLANG_WARN_CONSTANT_CONVERSION = YES;
				CLANG_WARN_DEPRECATED_OBJC_IMPLEMENTATIONS = YES;
				CLANG_WARN_DIRECT_OBJC_ISA_USAGE = YES_ERROR;
				CLANG_WARN_DOCUMENTATION_COMMENTS = YES;
				CLANG_WARN_EMPTY_BODY = YES;
				CLANG_WARN_ENUM_CONVERSION = YES;
				CLANG_WARN_INFINITE_RECURSION = YES;
				CLANG_WARN_INT_CONVERSION = YES;
				CLANG_WARN_NON_LITERAL_NULL_CONVERSION = YES;
				CLANG_WARN_OBJC_IMPLICIT_RETAIN_SELF = YES;
				CLANG_WARN_OBJC_LITERAL_CONVERSION = YES;
				CLANG_WARN_OBJC_ROOT_CLASS = YES_ERROR;
				CLANG_WARN_RANGE_LOOP_ANALYSIS = YES;
				CLANG_WARN_STRICT_PROTOTYPES = YES;
				CLANG_WARN_SUSPICIOUS_MOVE = YES;
				CLANG_WARN_UNGUARDED_AVAILABILITY = YES_AGGRESSIVE;
				CLANG_WARN_UNREACHABLE_CODE = YES;
				CLANG_WARN__DUPLICATE_METHOD_MATCH = YES;
				CODE_SIGN_IDENTITY = "iPhone Developer";
				COPY_PHASE_STRIP = NO;
				DEBUG_INFORMATION_FORMAT = dwarf;
				ENABLE_STRICT_OBJC_MSGSEND = YES;
				ENABLE_TESTABILITY = YES;
				GCC_C_LANGUAGE_STANDARD = gnu11;
				GCC_DYNAMIC_NO_PIC = NO;
				GCC_NO_COMMON_BLOCKS = YES;
				GCC_OPTIMIZATION_LEVEL = 0;
				GCC_PREPROCESSOR_DEFINITIONS = (
					"DEBUG=1",
					"$(inherited)",
				);
				GCC_WARN_64_TO_32_BIT_CONVERSION = YES;
				GCC_WARN_ABOUT_RETURN_TYPE = YES_ERROR;
				GCC_WARN_UNDECLARED_SELECTOR = YES;
				GCC_WARN_UNINITIALIZED_AUTOS = YES_AGGRESSIVE;
				GCC_WARN_UNUSED_FUNCTION = YES;
				GCC_WARN_UNUSED_VARIABLE = YES;
				IPHONEOS_DEPLOYMENT_TARGET = 11.4;
				MTL_ENABLE_DEBUG_INFO = YES;
				ONLY_ACTIVE_ARCH = YES;
				SDKROOT = iphoneos;
				SWIFT_ACTIVE_COMPILATION_CONDITIONS = DEBUG;
				SWIFT_OPTIMIZATION_LEVEL = "-Onone";
			};
			name = Debug;
		};
		ABC3E0662194EB1700F39891 /* Release */ = {
			isa = XCBuildConfiguration;
			buildSettings = {
				ALWAYS_SEARCH_USER_PATHS = NO;
				CLANG_ANALYZER_NONNULL = YES;
				CLANG_ANALYZER_NUMBER_OBJECT_CONVERSION = YES_AGGRESSIVE;
				CLANG_CXX_LANGUAGE_STANDARD = "gnu++14";
				CLANG_CXX_LIBRARY = "libc++";
				CLANG_ENABLE_MODULES = YES;
				CLANG_ENABLE_OBJC_ARC = YES;
				CLANG_ENABLE_OBJC_WEAK = YES;
				CLANG_WARN_BLOCK_CAPTURE_AUTORELEASING = YES;
				CLANG_WARN_BOOL_CONVERSION = YES;
				CLANG_WARN_COMMA = YES;
				CLANG_WARN_CONSTANT_CONVERSION = YES;
				CLANG_WARN_DEPRECATED_OBJC_IMPLEMENTATIONS = YES;
				CLANG_WARN_DIRECT_OBJC_ISA_USAGE = YES_ERROR;
				CLANG_WARN_DOCUMENTATION_COMMENTS = YES;
				CLANG_WARN_EMPTY_BODY = YES;
				CLANG_WARN_ENUM_CONVERSION = YES;
				CLANG_WARN_INFINITE_RECURSION = YES;
				CLANG_WARN_INT_CONVERSION = YES;
				CLANG_WARN_NON_LITERAL_NULL_CONVERSION = YES;
				CLANG_WARN_OBJC_IMPLICIT_RETAIN_SELF = YES;
				CLANG_WARN_OBJC_LITERAL_CONVERSION = YES;
				CLANG_WARN_OBJC_ROOT_CLASS = YES_ERROR;
				CLANG_WARN_RANGE_LOOP_ANALYSIS = YES;
				CLANG_WARN_STRICT_PROTOTYPES = YES;
				CLANG_WARN_SUSPICIOUS_MOVE = YES;
				CLANG_WARN_UNGUARDED_AVAILABILITY = YES_AGGRESSIVE;
				CLANG_WARN_UNREACHABLE_CODE = YES;
				CLANG_WARN__DUPLICATE_METHOD_MATCH = YES;
				CODE_SIGN_IDENTITY = "iPhone Developer";
				COPY_PHASE_STRIP = NO;
				DEBUG_INFORMATION_FORMAT = "dwarf-with-dsym";
				ENABLE_NS_ASSERTIONS = NO;
				ENABLE_STRICT_OBJC_MSGSEND = YES;
				GCC_C_LANGUAGE_STANDARD = gnu11;
				GCC_NO_COMMON_BLOCKS = YES;
				GCC_WARN_64_TO_32_BIT_CONVERSION = YES;
				GCC_WARN_ABOUT_RETURN_TYPE = YES_ERROR;
				GCC_WARN_UNDECLARED_SELECTOR = YES;
				GCC_WARN_UNINITIALIZED_AUTOS = YES_AGGRESSIVE;
				GCC_WARN_UNUSED_FUNCTION = YES;
				GCC_WARN_UNUSED_VARIABLE = YES;
				IPHONEOS_DEPLOYMENT_TARGET = 11.4;
				MTL_ENABLE_DEBUG_INFO = NO;
				SDKROOT = iphoneos;
				SWIFT_COMPILATION_MODE = wholemodule;
				SWIFT_OPTIMIZATION_LEVEL = "-O";
				VALIDATE_PRODUCT = YES;
			};
			name = Release;
		};
		ABC3E0682194EB1700F39891 /* Debug */ = {
			isa = XCBuildConfiguration;
			baseConfigurationReference = 1E74FE08CC7C57A975E32B21 /* Pods-test2.debug.xcconfig */;
			buildSettings = {
				ASSETCATALOG_COMPILER_APPICON_NAME = AppIcon;
				CODE_SIGN_STYLE = Automatic;
				DEVELOPMENT_TEAM = 29UTQE9JS9;
				INFOPLIST_FILE = test2/Info.plist;
				LD_RUNPATH_SEARCH_PATHS = (
					"$(inherited)",
					"@executable_path/Frameworks",
				);
				PRODUCT_BUNDLE_IDENTIFIER = com.microsoft.dkim.test.test2;
				PRODUCT_NAME = "$(TARGET_NAME)";
				SWIFT_VERSION = 4.0;
				TARGETED_DEVICE_FAMILY = "1,2";
			};
			name = Debug;
		};
		ABC3E0692194EB1700F39891 /* Release */ = {
			isa = XCBuildConfiguration;
			baseConfigurationReference = A0732A93A5A3C3AB44D5823F /* Pods-test2.release.xcconfig */;
			buildSettings = {
				ASSETCATALOG_COMPILER_APPICON_NAME = AppIcon;
				CODE_SIGN_STYLE = Automatic;
				DEVELOPMENT_TEAM = 29UTQE9JS9;
				INFOPLIST_FILE = test2/Info.plist;
				LD_RUNPATH_SEARCH_PATHS = (
					"$(inherited)",
					"@executable_path/Frameworks",
				);
				PRODUCT_BUNDLE_IDENTIFIER = com.microsoft.dkim.test.test2;
				PRODUCT_NAME = "$(TARGET_NAME)";
				SWIFT_VERSION = 4.0;
				TARGETED_DEVICE_FAMILY = "1,2";
			};
			name = Release;
		};
		ABC3E06B2194EB1700F39891 /* Debug */ = {
			isa = XCBuildConfiguration;
			baseConfigurationReference = 23610CA65C247CCBCF0E4CC0 /* Pods-test2Tests.debug.xcconfig */;
			buildSettings = {
				ALWAYS_EMBED_SWIFT_STANDARD_LIBRARIES = YES;
				BUNDLE_LOADER = "$(TEST_HOST)";
				CODE_SIGN_STYLE = Automatic;
				DEVELOPMENT_TEAM = 29UTQE9JS9;
				INFOPLIST_FILE = test2Tests/Info.plist;
				LD_RUNPATH_SEARCH_PATHS = (
					"$(inherited)",
					"@executable_path/Frameworks",
					"@loader_path/Frameworks",
				);
				PRODUCT_BUNDLE_IDENTIFIER = com.microsoft.dkim.test.test2Tests;
				PRODUCT_NAME = "$(TARGET_NAME)";
				SWIFT_VERSION = 4.0;
				TARGETED_DEVICE_FAMILY = "1,2";
				TEST_HOST = "$(BUILT_PRODUCTS_DIR)/test2.app/test2";
			};
			name = Debug;
		};
		ABC3E06C2194EB1700F39891 /* Release */ = {
			isa = XCBuildConfiguration;
			baseConfigurationReference = ED93759BF9080C79CBA426B3 /* Pods-test2Tests.release.xcconfig */;
			buildSettings = {
				ALWAYS_EMBED_SWIFT_STANDARD_LIBRARIES = YES;
				BUNDLE_LOADER = "$(TEST_HOST)";
				CODE_SIGN_STYLE = Automatic;
				DEVELOPMENT_TEAM = 29UTQE9JS9;
				INFOPLIST_FILE = test2Tests/Info.plist;
				LD_RUNPATH_SEARCH_PATHS = (
					"$(inherited)",
					"@executable_path/Frameworks",
					"@loader_path/Frameworks",
				);
				PRODUCT_BUNDLE_IDENTIFIER = com.microsoft.dkim.test.test2Tests;
				PRODUCT_NAME = "$(TARGET_NAME)";
				SWIFT_VERSION = 4.0;
				TARGETED_DEVICE_FAMILY = "1,2";
				TEST_HOST = "$(BUILT_PRODUCTS_DIR)/test2.app/test2";
			};
			name = Release;
		};
		ABC3E06E2194EB1700F39891 /* Debug */ = {
			isa = XCBuildConfiguration;
			baseConfigurationReference = 36626913FD1EAF30294D56AE /* Pods-test2UITests.debug.xcconfig */;
			buildSettings = {
				ALWAYS_EMBED_SWIFT_STANDARD_LIBRARIES = YES;
				CODE_SIGN_STYLE = Automatic;
				DEVELOPMENT_TEAM = 29UTQE9JS9;
				INFOPLIST_FILE = test2UITests/Info.plist;
				LD_RUNPATH_SEARCH_PATHS = (
					"$(inherited)",
					"@executable_path/Frameworks",
					"@loader_path/Frameworks",
				);
				PRODUCT_BUNDLE_IDENTIFIER = com.microsoft.dkim.test.test2UITests;
				PRODUCT_NAME = "$(TARGET_NAME)";
				SWIFT_VERSION = 4.0;
				TARGETED_DEVICE_FAMILY = "1,2";
				TEST_TARGET_NAME = test2;
			};
			name = Debug;
		};
		ABC3E06F2194EB1700F39891 /* Release */ = {
			isa = XCBuildConfiguration;
			baseConfigurationReference = B47C9507AD37C71133D0CE64 /* Pods-test2UITests.release.xcconfig */;
			buildSettings = {
				ALWAYS_EMBED_SWIFT_STANDARD_LIBRARIES = YES;
				CODE_SIGN_STYLE = Automatic;
				DEVELOPMENT_TEAM = 29UTQE9JS9;
				INFOPLIST_FILE = test2UITests/Info.plist;
				LD_RUNPATH_SEARCH_PATHS = (
					"$(inherited)",
					"@executable_path/Frameworks",
					"@loader_path/Frameworks",
				);
				PRODUCT_BUNDLE_IDENTIFIER = com.microsoft.dkim.test.test2UITests;
				PRODUCT_NAME = "$(TARGET_NAME)";
				SWIFT_VERSION = 4.0;
				TARGETED_DEVICE_FAMILY = "1,2";
				TEST_TARGET_NAME = test2;
			};
			name = Release;
		};
/* End XCBuildConfiguration section */

/* Begin XCConfigurationList section */
		ABC3E03A2194EB1600F39891 /* Build configuration list for PBXProject "test2" */ = {
			isa = XCConfigurationList;
			buildConfigurations = (
				ABC3E0652194EB1700F39891 /* Debug */,
				ABC3E0662194EB1700F39891 /* Release */,
			);
			defaultConfigurationIsVisible = 0;
			defaultConfigurationName = Release;
		};
		ABC3E0672194EB1700F39891 /* Build configuration list for PBXNativeTarget "test2" */ = {
			isa = XCConfigurationList;
			buildConfigurations = (
				ABC3E0682194EB1700F39891 /* Debug */,
				ABC3E0692194EB1700F39891 /* Release */,
			);
			defaultConfigurationIsVisible = 0;
			defaultConfigurationName = Release;
		};
		ABC3E06A2194EB1700F39891 /* Build configuration list for PBXNativeTarget "test2Tests" */ = {
			isa = XCConfigurationList;
			buildConfigurations = (
				ABC3E06B2194EB1700F39891 /* Debug */,
				ABC3E06C2194EB1700F39891 /* Release */,
			);
			defaultConfigurationIsVisible = 0;
			defaultConfigurationName = Release;
		};
		ABC3E06D2194EB1700F39891 /* Build configuration list for PBXNativeTarget "test2UITests" */ = {
			isa = XCConfigurationList;
			buildConfigurations = (
				ABC3E06E2194EB1700F39891 /* Debug */,
				ABC3E06F2194EB1700F39891 /* Release */,
			);
			defaultConfigurationIsVisible = 0;
			defaultConfigurationName = Release;
		};
/* End XCConfigurationList section */
	};
	rootObject = ABC3E0372194EB1600F39891 /* Project object */;
}
